
Microsoft Visual Studio Solution File, Format Version 12.00
# Visual Studio Version 17
VisualStudioVersion = 17.13.35825.156
MinimumVisualStudioVersion = 10.0.40219.1
Project("{FAE04EC0-301F-11D3-BF4B-00C04F79EFBC}") = "MoogleEngine", "MoogleEngine\MoogleEngine.csproj", "{0A755D1B-0FDF-487A-BDBF-9B14DA68DE07}"
EndProject
Project("{FAE04EC0-301F-11D3-BF4B-00C04F79EFBC}") = "Shared", "Shared\Shared.csproj", "{ECE24523-0C9B-4A63-A586-4B3D7E925519}"
EndProject
Project("{FAE04EC0-301F-11D3-BF4B-00C04F79EFBC}") = "MoogleUI", "MoogleUI\MoogleUI.csproj", "{992EFC5C-00E8-4BD1-AE00-1B01B27D185D}"
EndProject
Global
	GlobalSection(SolutionConfigurationPlatforms) = preSolution
		Debug|Any CPU = Debug|Any CPU
		Debug|x64 = Debug|x64
		Debug|x86 = Debug|x86
		Release|Any CPU = Release|Any CPU
		Release|x64 = Release|x64
		Release|x86 = Release|x86
	EndGlobalSection
	GlobalSection(ProjectConfigurationPlatforms) = postSolution
		{0A755D1B-0FDF-487A-BDBF-9B14DA68DE07}.Debug|Any CPU.ActiveCfg = Debug|Any CPU
		{0A755D1B-0FDF-487A-BDBF-9B14DA68DE07}.Debug|Any CPU.Build.0 = Debug|Any CPU
		{0A755D1B-0FDF-487A-BDBF-9B14DA68DE07}.Debug|x64.ActiveCfg = Debug|Any CPU
		{0A755D1B-0FDF-487A-BDBF-9B14DA68DE07}.Debug|x64.Build.0 = Debug|Any CPU
		{0A755D1B-0FDF-487A-BDBF-9B14DA68DE07}.Debug|x86.ActiveCfg = Debug|Any CPU
		{0A755D1B-0FDF-487A-BDBF-9B14DA68DE07}.Debug|x86.Build.0 = Debug|Any CPU
		{0A755D1B-0FDF-487A-BDBF-9B14DA68DE07}.Release|Any CPU.ActiveCfg = Release|Any CPU
		{0A755D1B-0FDF-487A-BDBF-9B14DA68DE07}.Release|Any CPU.Build.0 = Release|Any CPU
		{0A755D1B-0FDF-487A-BDBF-9B14DA68DE07}.Release|x64.ActiveCfg = Release|Any CPU
		{0A755D1B-0FDF-487A-BDBF-9B14DA68DE07}.Release|x64.Build.0 = Release|Any CPU
		{0A755D1B-0FDF-487A-BDBF-9B14DA68DE07}.Release|x86.ActiveCfg = Release|Any CPU
		{0A755D1B-0FDF-487A-BDBF-9B14DA68DE07}.Release|x86.Build.0 = Release|Any CPU
		{ECE24523-0C9B-4A63-A586-4B3D7E925519}.Debug|Any CPU.ActiveCfg = Debug|Any CPU
		{ECE24523-0C9B-4A63-A586-4B3D7E925519}.Debug|Any CPU.Build.0 = Debug|Any CPU
		{ECE24523-0C9B-4A63-A586-4B3D7E925519}.Debug|x64.ActiveCfg = Debug|Any CPU
		{ECE24523-0C9B-4A63-A586-4B3D7E925519}.Debug|x64.Build.0 = Debug|Any CPU
		{ECE24523-0C9B-4A63-A586-4B3D7E925519}.Debug|x86.ActiveCfg = Debug|Any CPU
		{ECE24523-0C9B-4A63-A586-4B3D7E925519}.Debug|x86.Build.0 = Debug|Any CPU
		{ECE24523-0C9B-4A63-A586-4B3D7E925519}.Release|Any CPU.ActiveCfg = Release|Any CPU
		{ECE24523-0C9B-4A63-A586-4B3D7E925519}.Release|Any CPU.Build.0 = Release|Any CPU
		{ECE24523-0C9B-4A63-A586-4B3D7E925519}.Release|x64.ActiveCfg = Release|Any CPU
		{ECE24523-0C9B-4A63-A586-4B3D7E925519}.Release|x64.Build.0 = Release|Any CPU
		{ECE24523-0C9B-4A63-A586-4B3D7E925519}.Release|x86.ActiveCfg = Release|Any CPU
		{ECE24523-0C9B-4A63-A586-4B3D7E925519}.Release|x86.Build.0 = Release|Any CPU
		{992EFC5C-00E8-4BD1-AE00-1B01B27D185D}.Debug|Any CPU.ActiveCfg = Debug|Any CPU
		{992EFC5C-00E8-4BD1-AE00-1B01B27D185D}.Debug|Any CPU.Build.0 = Debug|Any CPU
		{992EFC5C-00E8-4BD1-AE00-1B01B27D185D}.Debug|x64.ActiveCfg = Debug|Any CPU
		{992EFC5C-00E8-4BD1-AE00-1B01B27D185D}.Debug|x64.Build.0 = Debug|Any CPU
		{992EFC5C-00E8-4BD1-AE00-1B01B27D185D}.Debug|x86.ActiveCfg = Debug|Any CPU
		{992EFC5C-00E8-4BD1-AE00-1B01B27D185D}.Debug|x86.Build.0 = Debug|Any CPU
		{992EFC5C-00E8-4BD1-AE00-1B01B27D185D}.Release|Any CPU.ActiveCfg = Release|Any CPU
		{992EFC5C-00E8-4BD1-AE00-1B01B27D185D}.Release|Any CPU.Build.0 = Release|Any CPU
		{992EFC5C-00E8-4BD1-AE00-1B01B27D185D}.Release|x64.ActiveCfg = Release|Any CPU
		{992EFC5C-00E8-4BD1-AE00-1B01B27D185D}.Release|x64.Build.0 = Release|Any CPU
		{992EFC5C-00E8-4BD1-AE00-1B01B27D185D}.Release|x86.ActiveCfg = Release|Any CPU
		{992EFC5C-00E8-4BD1-AE00-1B01B27D185D}.Release|x86.Build.0 = Release|Any CPU
	EndGlobalSection
	GlobalSection(SolutionProperties) = preSolution
		HideSolutionNode = FALSE
	EndGlobalSection
	GlobalSection(ExtensibilityGlobals) = postSolution
		SolutionGuid = {F66E57BF-2B8F-4207-B7AB-EB7EC64B3B2F}
	EndGlobalSection
EndGlobal
